
Microsoft Visual Studio Solution File, Format Version 12.00
# Visual Studio 15
VisualStudioVersion = 15.0.26124.0
MinimumVisualStudioVersion = 15.0.26124.0
Project("{2150E333-8FDC-42A3-9474-1A3956D46DE8}") = "src", "src", "{6DD0DE9B-E628-4C5B-99A0-AD5FF0C9EC87}"
EndProject
Project("{FAE04EC0-301F-11D3-BF4B-00C04F79EFBC}") = "Common", "src\Common\Common.csproj", "{F575E96D-5C8D-4010-956F-43E3E6C16EDE}"
EndProject
Project("{2150E333-8FDC-42A3-9474-1A3956D46DE8}") = "Compiler", "Compiler", "{A01C0293-9BA1-4FF2-8F4E-12654A56F8A5}"
EndProject
Project("{FAE04EC0-301F-11D3-BF4B-00C04F79EFBC}") = "Clr", "src\Compiler\Clr\Clr.csproj", "{209A9612-42C6-4D30-88BA-956AE90E2AAC}"
EndProject
Project("{FAE04EC0-301F-11D3-BF4B-00C04F79EFBC}") = "Coco", "src\Compiler\Coco\Coco.csproj", "{2B71A715-158C-4C7C-BF92-674D614BBD72}"
EndProject
Project("{FAE04EC0-301F-11D3-BF4B-00C04F79EFBC}") = "Core", "src\Compiler\Core\Core.csproj", "{883529D0-2D65-46BB-84AD-810580C21D13}"
EndProject
Project("{2150E333-8FDC-42A3-9474-1A3956D46DE8}") = "Tools", "Tools", "{726B3569-CB39-4EBF-9622-70C32B6A2628}"
EndProject
Project("{FAE04EC0-301F-11D3-BF4B-00C04F79EFBC}") = "sc", "src\Tools\sc\sc.csproj", "{697451AC-2E00-4468-8D81-81EF4F0EFB94}"
EndProject
Project("{2150E333-8FDC-42A3-9474-1A3956D46DE8}") = "tests", "tests", "{BC023109-B1AF-401A-94E7-27CA0CCFBDDA}"
EndProject
Project("{2150E333-8FDC-42A3-9474-1A3956D46DE8}") = "Compiler", "Compiler", "{8BD7F688-2646-42B5-A255-49E0AFB54099}"
EndProject
Project("{FAE04EC0-301F-11D3-BF4B-00C04F79EFBC}") = "Clr.Tests", "tests\Compiler\Clr.Tests\Clr.Tests.csproj", "{3BC7B03D-C1AB-4B53-8268-7942A7FCE430}"
EndProject
Project("{FAE04EC0-301F-11D3-BF4B-00C04F79EFBC}") = "Coco.Tests", "tests\Compiler\Coco.Tests\Coco.Tests.csproj", "{2D93E90A-397A-489F-83DB-076C2B5D0957}"
EndProject
Project("{2150E333-8FDC-42A3-9474-1A3956D46DE8}") = "Tools", "Tools", "{26269702-F202-4E92-8B5A-CE7C9660D2FD}"
EndProject
Project("{FAE04EC0-301F-11D3-BF4B-00C04F79EFBC}") = "sc.Tests", "tests\Tools\sc.Tests\sc.Tests.csproj", "{10CB0028-DA40-40B5-A944-C134DE467950}"
EndProject
Global
	GlobalSection(SolutionConfigurationPlatforms) = preSolution
		Debug|Any CPU = Debug|Any CPU
		Debug|x64 = Debug|x64
		Debug|x86 = Debug|x86
		Release|Any CPU = Release|Any CPU
		Release|x64 = Release|x64
		Release|x86 = Release|x86
	EndGlobalSection
	GlobalSection(SolutionProperties) = preSolution
		HideSolutionNode = FALSE
	EndGlobalSection
	GlobalSection(ProjectConfigurationPlatforms) = postSolution
		{F575E96D-5C8D-4010-956F-43E3E6C16EDE}.Debug|Any CPU.ActiveCfg = Debug|Any CPU
		{F575E96D-5C8D-4010-956F-43E3E6C16EDE}.Debug|Any CPU.Build.0 = Debug|Any CPU
		{F575E96D-5C8D-4010-956F-43E3E6C16EDE}.Debug|x64.ActiveCfg = Debug|x64
		{F575E96D-5C8D-4010-956F-43E3E6C16EDE}.Debug|x64.Build.0 = Debug|x64
		{F575E96D-5C8D-4010-956F-43E3E6C16EDE}.Debug|x86.ActiveCfg = Debug|x86
		{F575E96D-5C8D-4010-956F-43E3E6C16EDE}.Debug|x86.Build.0 = Debug|x86
		{F575E96D-5C8D-4010-956F-43E3E6C16EDE}.Release|Any CPU.ActiveCfg = Release|Any CPU
		{F575E96D-5C8D-4010-956F-43E3E6C16EDE}.Release|Any CPU.Build.0 = Release|Any CPU
		{F575E96D-5C8D-4010-956F-43E3E6C16EDE}.Release|x64.ActiveCfg = Release|x64
		{F575E96D-5C8D-4010-956F-43E3E6C16EDE}.Release|x64.Build.0 = Release|x64
		{F575E96D-5C8D-4010-956F-43E3E6C16EDE}.Release|x86.ActiveCfg = Release|x86
		{F575E96D-5C8D-4010-956F-43E3E6C16EDE}.Release|x86.Build.0 = Release|x86
		{209A9612-42C6-4D30-88BA-956AE90E2AAC}.Debug|Any CPU.ActiveCfg = Debug|Any CPU
		{209A9612-42C6-4D30-88BA-956AE90E2AAC}.Debug|Any CPU.Build.0 = Debug|Any CPU
		{209A9612-42C6-4D30-88BA-956AE90E2AAC}.Debug|x64.ActiveCfg = Debug|x64
		{209A9612-42C6-4D30-88BA-956AE90E2AAC}.Debug|x64.Build.0 = Debug|x64
		{209A9612-42C6-4D30-88BA-956AE90E2AAC}.Debug|x86.ActiveCfg = Debug|x86
		{209A9612-42C6-4D30-88BA-956AE90E2AAC}.Debug|x86.Build.0 = Debug|x86
		{209A9612-42C6-4D30-88BA-956AE90E2AAC}.Release|Any CPU.ActiveCfg = Release|Any CPU
		{209A9612-42C6-4D30-88BA-956AE90E2AAC}.Release|Any CPU.Build.0 = Release|Any CPU
		{209A9612-42C6-4D30-88BA-956AE90E2AAC}.Release|x64.ActiveCfg = Release|x64
		{209A9612-42C6-4D30-88BA-956AE90E2AAC}.Release|x64.Build.0 = Release|x64
		{209A9612-42C6-4D30-88BA-956AE90E2AAC}.Release|x86.ActiveCfg = Release|x86
		{209A9612-42C6-4D30-88BA-956AE90E2AAC}.Release|x86.Build.0 = Release|x86
		{2B71A715-158C-4C7C-BF92-674D614BBD72}.Debug|Any CPU.ActiveCfg = Debug|Any CPU
		{2B71A715-158C-4C7C-BF92-674D614BBD72}.Debug|Any CPU.Build.0 = Debug|Any CPU
		{2B71A715-158C-4C7C-BF92-674D614BBD72}.Debug|x64.ActiveCfg = Debug|x64
		{2B71A715-158C-4C7C-BF92-674D614BBD72}.Debug|x64.Build.0 = Debug|x64
		{2B71A715-158C-4C7C-BF92-674D614BBD72}.Debug|x86.ActiveCfg = Debug|x86
		{2B71A715-158C-4C7C-BF92-674D614BBD72}.Debug|x86.Build.0 = Debug|x86
		{2B71A715-158C-4C7C-BF92-674D614BBD72}.Release|Any CPU.ActiveCfg = Release|Any CPU
		{2B71A715-158C-4C7C-BF92-674D614BBD72}.Release|Any CPU.Build.0 = Release|Any CPU
		{2B71A715-158C-4C7C-BF92-674D614BBD72}.Release|x64.ActiveCfg = Release|x64
		{2B71A715-158C-4C7C-BF92-674D614BBD72}.Release|x64.Build.0 = Release|x64
		{2B71A715-158C-4C7C-BF92-674D614BBD72}.Release|x86.ActiveCfg = Release|x86
		{2B71A715-158C-4C7C-BF92-674D614BBD72}.Release|x86.Build.0 = Release|x86
		{883529D0-2D65-46BB-84AD-810580C21D13}.Debug|Any CPU.ActiveCfg = Debug|Any CPU
		{883529D0-2D65-46BB-84AD-810580C21D13}.Debug|Any CPU.Build.0 = Debug|Any CPU
		{883529D0-2D65-46BB-84AD-810580C21D13}.Debug|x64.ActiveCfg = Debug|x64
		{883529D0-2D65-46BB-84AD-810580C21D13}.Debug|x64.Build.0 = Debug|x64
		{883529D0-2D65-46BB-84AD-810580C21D13}.Debug|x86.ActiveCfg = Debug|x86
		{883529D0-2D65-46BB-84AD-810580C21D13}.Debug|x86.Build.0 = Debug|x86
		{883529D0-2D65-46BB-84AD-810580C21D13}.Release|Any CPU.ActiveCfg = Release|Any CPU
		{883529D0-2D65-46BB-84AD-810580C21D13}.Release|Any CPU.Build.0 = Release|Any CPU
		{883529D0-2D65-46BB-84AD-810580C21D13}.Release|x64.ActiveCfg = Release|x64
		{883529D0-2D65-46BB-84AD-810580C21D13}.Release|x64.Build.0 = Release|x64
		{883529D0-2D65-46BB-84AD-810580C21D13}.Release|x86.ActiveCfg = Release|x86
		{883529D0-2D65-46BB-84AD-810580C21D13}.Release|x86.Build.0 = Release|x86
		{697451AC-2E00-4468-8D81-81EF4F0EFB94}.Debug|Any CPU.ActiveCfg = Debug|Any CPU
		{697451AC-2E00-4468-8D81-81EF4F0EFB94}.Debug|Any CPU.Build.0 = Debug|Any CPU
		{697451AC-2E00-4468-8D81-81EF4F0EFB94}.Debug|x64.ActiveCfg = Debug|x64
		{697451AC-2E00-4468-8D81-81EF4F0EFB94}.Debug|x64.Build.0 = Debug|x64
		{697451AC-2E00-4468-8D81-81EF4F0EFB94}.Debug|x86.ActiveCfg = Debug|x86
		{697451AC-2E00-4468-8D81-81EF4F0EFB94}.Debug|x86.Build.0 = Debug|x86
		{697451AC-2E00-4468-8D81-81EF4F0EFB94}.Release|Any CPU.ActiveCfg = Release|Any CPU
		{697451AC-2E00-4468-8D81-81EF4F0EFB94}.Release|Any CPU.Build.0 = Release|Any CPU
		{697451AC-2E00-4468-8D81-81EF4F0EFB94}.Release|x64.ActiveCfg = Release|x64
		{697451AC-2E00-4468-8D81-81EF4F0EFB94}.Release|x64.Build.0 = Release|x64
		{697451AC-2E00-4468-8D81-81EF4F0EFB94}.Release|x86.ActiveCfg = Release|x86
		{697451AC-2E00-4468-8D81-81EF4F0EFB94}.Release|x86.Build.0 = Release|x86
		{3BC7B03D-C1AB-4B53-8268-7942A7FCE430}.Debug|Any CPU.ActiveCfg = Debug|Any CPU
		{3BC7B03D-C1AB-4B53-8268-7942A7FCE430}.Debug|Any CPU.Build.0 = Debug|Any CPU
		{3BC7B03D-C1AB-4B53-8268-7942A7FCE430}.Debug|x64.ActiveCfg = Debug|x64
		{3BC7B03D-C1AB-4B53-8268-7942A7FCE430}.Debug|x64.Build.0 = Debug|x64
		{3BC7B03D-C1AB-4B53-8268-7942A7FCE430}.Debug|x86.ActiveCfg = Debug|x86
		{3BC7B03D-C1AB-4B53-8268-7942A7FCE430}.Debug|x86.Build.0 = Debug|x86
		{3BC7B03D-C1AB-4B53-8268-7942A7FCE430}.Release|Any CPU.ActiveCfg = Release|Any CPU
		{3BC7B03D-C1AB-4B53-8268-7942A7FCE430}.Release|Any CPU.Build.0 = Release|Any CPU
		{3BC7B03D-C1AB-4B53-8268-7942A7FCE430}.Release|x64.ActiveCfg = Release|x64
		{3BC7B03D-C1AB-4B53-8268-7942A7FCE430}.Release|x64.Build.0 = Release|x64
		{3BC7B03D-C1AB-4B53-8268-7942A7FCE430}.Release|x86.ActiveCfg = Release|x86
		{3BC7B03D-C1AB-4B53-8268-7942A7FCE430}.Release|x86.Build.0 = Release|x86
		{2D93E90A-397A-489F-83DB-076C2B5D0957}.Debug|Any CPU.ActiveCfg = Debug|Any CPU
		{2D93E90A-397A-489F-83DB-076C2B5D0957}.Debug|Any CPU.Build.0 = Debug|Any CPU
		{2D93E90A-397A-489F-83DB-076C2B5D0957}.Debug|x64.ActiveCfg = Debug|x64
		{2D93E90A-397A-489F-83DB-076C2B5D0957}.Debug|x64.Build.0 = Debug|x64
		{2D93E90A-397A-489F-83DB-076C2B5D0957}.Debug|x86.ActiveCfg = Debug|x86
		{2D93E90A-397A-489F-83DB-076C2B5D0957}.Debug|x86.Build.0 = Debug|x86
		{2D93E90A-397A-489F-83DB-076C2B5D0957}.Release|Any CPU.ActiveCfg = Release|Any CPU
		{2D93E90A-397A-489F-83DB-076C2B5D0957}.Release|Any CPU.Build.0 = Release|Any CPU
		{2D93E90A-397A-489F-83DB-076C2B5D0957}.Release|x64.ActiveCfg = Release|x64
		{2D93E90A-397A-489F-83DB-076C2B5D0957}.Release|x64.Build.0 = Release|x64
		{2D93E90A-397A-489F-83DB-076C2B5D0957}.Release|x86.ActiveCfg = Release|x86
		{2D93E90A-397A-489F-83DB-076C2B5D0957}.Release|x86.Build.0 = Release|x86
		{10CB0028-DA40-40B5-A944-C134DE467950}.Debug|Any CPU.ActiveCfg = Debug|Any CPU
		{10CB0028-DA40-40B5-A944-C134DE467950}.Debug|Any CPU.Build.0 = Debug|Any CPU
		{10CB0028-DA40-40B5-A944-C134DE467950}.Debug|x64.ActiveCfg = Debug|x64
		{10CB0028-DA40-40B5-A944-C134DE467950}.Debug|x64.Build.0 = Debug|x64
		{10CB0028-DA40-40B5-A944-C134DE467950}.Debug|x86.ActiveCfg = Debug|x86
		{10CB0028-DA40-40B5-A944-C134DE467950}.Debug|x86.Build.0 = Debug|x86
		{10CB0028-DA40-40B5-A944-C134DE467950}.Release|Any CPU.ActiveCfg = Release|Any CPU
		{10CB0028-DA40-40B5-A944-C134DE467950}.Release|Any CPU.Build.0 = Release|Any CPU
		{10CB0028-DA40-40B5-A944-C134DE467950}.Release|x64.ActiveCfg = Release|x64
		{10CB0028-DA40-40B5-A944-C134DE467950}.Release|x64.Build.0 = Release|x64
		{10CB0028-DA40-40B5-A944-C134DE467950}.Release|x86.ActiveCfg = Release|x86
		{10CB0028-DA40-40B5-A944-C134DE467950}.Release|x86.Build.0 = Release|x86
	EndGlobalSection
	GlobalSection(NestedProjects) = preSolution
		{F575E96D-5C8D-4010-956F-43E3E6C16EDE} = {6DD0DE9B-E628-4C5B-99A0-AD5FF0C9EC87}
		{A01C0293-9BA1-4FF2-8F4E-12654A56F8A5} = {6DD0DE9B-E628-4C5B-99A0-AD5FF0C9EC87}
		{209A9612-42C6-4D30-88BA-956AE90E2AAC} = {A01C0293-9BA1-4FF2-8F4E-12654A56F8A5}
		{2B71A715-158C-4C7C-BF92-674D614BBD72} = {A01C0293-9BA1-4FF2-8F4E-12654A56F8A5}
		{883529D0-2D65-46BB-84AD-810580C21D13} = {A01C0293-9BA1-4FF2-8F4E-12654A56F8A5}
		{726B3569-CB39-4EBF-9622-70C32B6A2628} = {6DD0DE9B-E628-4C5B-99A0-AD5FF0C9EC87}
		{697451AC-2E00-4468-8D81-81EF4F0EFB94} = {726B3569-CB39-4EBF-9622-70C32B6A2628}
		{8BD7F688-2646-42B5-A255-49E0AFB54099} = {BC023109-B1AF-401A-94E7-27CA0CCFBDDA}
		{3BC7B03D-C1AB-4B53-8268-7942A7FCE430} = {8BD7F688-2646-42B5-A255-49E0AFB54099}
		{2D93E90A-397A-489F-83DB-076C2B5D0957} = {8BD7F688-2646-42B5-A255-49E0AFB54099}
		{26269702-F202-4E92-8B5A-CE7C9660D2FD} = {BC023109-B1AF-401A-94E7-27CA0CCFBDDA}
		{10CB0028-DA40-40B5-A944-C134DE467950} = {26269702-F202-4E92-8B5A-CE7C9660D2FD}
	EndGlobalSection
EndGlobal
